
Microsoft Visual Studio Solution File, Format Version 12.00
# Visual Studio 15
VisualStudioVersion = 15.0.28307.1340
MinimumVisualStudioVersion = 10.0.40219.1
Project("{FAE04EC0-301F-11D3-BF4B-00C04F79EFBC}") = "SATGroupProject.UI", "SATGroupProject.UI\SATGroupProject.UI.csproj", "{7EBFE72C-A4B6-427A-8FC6-97376DE1E0CF}"
EndProject
Project("{FAE04EC0-301F-11D3-BF4B-00C04F79EFBC}") = "SATGroupProject.DATA.EF", "SATGroupProject.DATA.EF\SATGroupProject.DATA.EF.csproj", "{D9BCFBB6-1A8F-4CDB-B2C9-F08301045F12}"
EndProject
Global
	GlobalSection(SolutionConfigurationPlatforms) = preSolution
		Debug|Any CPU = Debug|Any CPU
		Release|Any CPU = Release|Any CPU
	EndGlobalSection
	GlobalSection(ProjectConfigurationPlatforms) = postSolution
		{7EBFE72C-A4B6-427A-8FC6-97376DE1E0CF}.Debug|Any CPU.ActiveCfg = Debug|Any CPU
		{7EBFE72C-A4B6-427A-8FC6-97376DE1E0CF}.Debug|Any CPU.Build.0 = Debug|Any CPU
		{7EBFE72C-A4B6-427A-8FC6-97376DE1E0CF}.Release|Any CPU.ActiveCfg = Release|Any CPU
		{7EBFE72C-A4B6-427A-8FC6-97376DE1E0CF}.Release|Any CPU.Build.0 = Release|Any CPU
		{D9BCFBB6-1A8F-4CDB-B2C9-F08301045F12}.Debug|Any CPU.ActiveCfg = Debug|Any CPU
		{D9BCFBB6-1A8F-4CDB-B2C9-F08301045F12}.Debug|Any CPU.Build.0 = Debug|Any CPU
		{D9BCFBB6-1A8F-4CDB-B2C9-F08301045F12}.Release|Any CPU.ActiveCfg = Release|Any CPU
		{D9BCFBB6-1A8F-4CDB-B2C9-F08301045F12}.Release|Any CPU.Build.0 = Release|Any CPU
	EndGlobalSection
	GlobalSection(SolutionProperties) = preSolution
		HideSolutionNode = FALSE
	EndGlobalSection
	GlobalSection(ExtensibilityGlobals) = postSolution
		SolutionGuid = {FC4FD0C8-CCA1-4D33-BDA7-C5D505960E2D}
	EndGlobalSection
EndGlobal
